<Solution>
  <Folder Name="/Solution Items/">
    <File Path=".editorconfig" />
  </Folder>
  <Folder Name="/src/">
    <Project Path="src/Playhouse.Core/Playhouse.Core.csproj" />
    <Project Path="src/Playhouse.UI/Playhouse.UI.csproj" />
    <Project Path="src/Playhouse.ViewModels/Playhouse.ViewModels.csproj" />
  </Folder>
  <Folder Name="/test/">
    <Project Path="test/Playhouse.Core.Test/Playhouse.Core.Test.csproj" />
  </Folder>
</Solution>
